
Microsoft Visual Studio Solution File, Format Version 12.00
# Visual Studio Version 16
VisualStudioVersion = 16.0.30621.155
MinimumVisualStudioVersion = 10.0.40219.1
Project("{FAE04EC0-301F-11D3-BF4B-00C04F79EFBC}") = "UFF.VendingMachine", "UFF.VendingMachine.csproj", "{761FA7A3-3F77-4E50-9463-7F3490D28E9E}"
EndProject
Global
	GlobalSection(SolutionConfigurationPlatforms) = preSolution
		Debug|Any CPU = Debug|Any CPU
		Release|Any CPU = Release|Any CPU
	EndGlobalSection
	GlobalSection(ProjectConfigurationPlatforms) = postSolution
		{761FA7A3-3F77-4E50-9463-7F3490D28E9E}.Debug|Any CPU.ActiveCfg = Debug|Any CPU
		{761FA7A3-3F77-4E50-9463-7F3490D28E9E}.Debug|Any CPU.Build.0 = Debug|Any CPU
		{761FA7A3-3F77-4E50-9463-7F3490D28E9E}.Release|Any CPU.ActiveCfg = Release|Any CPU
		{761FA7A3-3F77-4E50-9463-7F3490D28E9E}.Release|Any CPU.Build.0 = Release|Any CPU
	EndGlobalSection
	GlobalSection(SolutionProperties) = preSolution
		HideSolutionNode = FALSE
	EndGlobalSection
	GlobalSection(ExtensibilityGlobals) = postSolution
		SolutionGuid = {477520E5-935C-451C-BC42-02427AD49989}
	EndGlobalSection
EndGlobal
